
Microsoft Visual Studio Solution File, Format Version 12.00
# Visual Studio Version 17
VisualStudioVersion = 17.0.31903.59
MinimumVisualStudioVersion = 10.0.40219.1
Project("{2150E333-8FDC-42A3-9474-1A3956D46DE8}") = "src", "src", "{827E0CD3-B72D-47B6-A68D-7590B98EB39B}"
EndProject
Project("{FAE04EC0-301F-11D3-BF4B-00C04F79EFBC}") = "NonCash.Shared", "src\NonCash.Shared\NonCash.Shared.csproj", "{361F492F-C9CE-47A1-A650-4DD1EA1900CE}"
EndProject
Project("{FAE04EC0-301F-11D3-BF4B-00C04F79EFBC}") = "NonCash.Core", "src\NonCash.Core\NonCash.Core.csproj", "{0B006583-8F0F-49C7-A853-DA81510EB563}"
EndProject
Project("{FAE04EC0-301F-11D3-BF4B-00C04F79EFBC}") = "NonCash.Infrastructure", "src\NonCash.Infrastructure\NonCash.Infrastructure.csproj", "{E1CB73BE-A4A6-4CF6-8342-39A76345CBA1}"
EndProject
Project("{FAE04EC0-301F-11D3-BF4B-00C04F79EFBC}") = "NonCash.API", "src\NonCash.API\NonCash.API.csproj", "{B5EF8D5A-BBCE-4465-B844-2F65E41C804B}"
EndProject
Project("{FAE04EC0-301F-11D3-BF4B-00C04F79EFBC}") = "NonCash.Web", "src\NonCash.Web\NonCash.Web.csproj", "{46D98C8B-0CAE-457D-9758-62002C9F98AF}"
EndProject
Project("{FAE04EC0-301F-11D3-BF4B-00C04F79EFBC}") = "NonCash.UnitTests", "tests\NonCash.UnitTests\NonCash.UnitTests.csproj", "{B8F10185-C948-4D5E-9A88-FF7273803425}"
EndProject
Project("{FAE04EC0-301F-11D3-BF4B-00C04F79EFBC}") = "NonCash.IntegrationTests", "tests\NonCash.IntegrationTests\NonCash.IntegrationTests.csproj", "{5C9AB8BF-4753-46DE-9712-456CF1A75E50}"
EndProject
Global
	GlobalSection(SolutionConfigurationPlatforms) = preSolution
		Debug|Any CPU = Debug|Any CPU
		Debug|x64 = Debug|x64
		Debug|x86 = Debug|x86
		Release|Any CPU = Release|Any CPU
		Release|x64 = Release|x64
		Release|x86 = Release|x86
	EndGlobalSection
	GlobalSection(ProjectConfigurationPlatforms) = postSolution
		{361F492F-C9CE-47A1-A650-4DD1EA1900CE}.Debug|Any CPU.ActiveCfg = Debug|Any CPU
		{361F492F-C9CE-47A1-A650-4DD1EA1900CE}.Debug|Any CPU.Build.0 = Debug|Any CPU
		{361F492F-C9CE-47A1-A650-4DD1EA1900CE}.Debug|x64.ActiveCfg = Debug|Any CPU
		{361F492F-C9CE-47A1-A650-4DD1EA1900CE}.Debug|x64.Build.0 = Debug|Any CPU
		{361F492F-C9CE-47A1-A650-4DD1EA1900CE}.Debug|x86.ActiveCfg = Debug|Any CPU
		{361F492F-C9CE-47A1-A650-4DD1EA1900CE}.Debug|x86.Build.0 = Debug|Any CPU
		{361F492F-C9CE-47A1-A650-4DD1EA1900CE}.Release|Any CPU.ActiveCfg = Release|Any CPU
		{361F492F-C9CE-47A1-A650-4DD1EA1900CE}.Release|Any CPU.Build.0 = Release|Any CPU
		{361F492F-C9CE-47A1-A650-4DD1EA1900CE}.Release|x64.ActiveCfg = Release|Any CPU
		{361F492F-C9CE-47A1-A650-4DD1EA1900CE}.Release|x64.Build.0 = Release|Any CPU
		{361F492F-C9CE-47A1-A650-4DD1EA1900CE}.Release|x86.ActiveCfg = Release|Any CPU
		{361F492F-C9CE-47A1-A650-4DD1EA1900CE}.Release|x86.Build.0 = Release|Any CPU
		{0B006583-8F0F-49C7-A853-DA81510EB563}.Debug|Any CPU.ActiveCfg = Debug|Any CPU
		{0B006583-8F0F-49C7-A853-DA81510EB563}.Debug|Any CPU.Build.0 = Debug|Any CPU
		{0B006583-8F0F-49C7-A853-DA81510EB563}.Debug|x64.ActiveCfg = Debug|Any CPU
		{0B006583-8F0F-49C7-A853-DA81510EB563}.Debug|x64.Build.0 = Debug|Any CPU
		{0B006583-8F0F-49C7-A853-DA81510EB563}.Debug|x86.ActiveCfg = Debug|Any CPU
		{0B006583-8F0F-49C7-A853-DA81510EB563}.Debug|x86.Build.0 = Debug|Any CPU
		{0B006583-8F0F-49C7-A853-DA81510EB563}.Release|Any CPU.ActiveCfg = Release|Any CPU
		{0B006583-8F0F-49C7-A853-DA81510EB563}.Release|Any CPU.Build.0 = Release|Any CPU
		{0B006583-8F0F-49C7-A853-DA81510EB563}.Release|x64.ActiveCfg = Release|Any CPU
		{0B006583-8F0F-49C7-A853-DA81510EB563}.Release|x64.Build.0 = Release|Any CPU
		{0B006583-8F0F-49C7-A853-DA81510EB563}.Release|x86.ActiveCfg = Release|Any CPU
		{0B006583-8F0F-49C7-A853-DA81510EB563}.Release|x86.Build.0 = Release|Any CPU
		{E1CB73BE-A4A6-4CF6-8342-39A76345CBA1}.Debug|Any CPU.ActiveCfg = Debug|Any CPU
		{E1CB73BE-A4A6-4CF6-8342-39A76345CBA1}.Debug|Any CPU.Build.0 = Debug|Any CPU
		{E1CB73BE-A4A6-4CF6-8342-39A76345CBA1}.Debug|x64.ActiveCfg = Debug|Any CPU
		{E1CB73BE-A4A6-4CF6-8342-39A76345CBA1}.Debug|x64.Build.0 = Debug|Any CPU
		{E1CB73BE-A4A6-4CF6-8342-39A76345CBA1}.Debug|x86.ActiveCfg = Debug|Any CPU
		{E1CB73BE-A4A6-4CF6-8342-39A76345CBA1}.Debug|x86.Build.0 = Debug|Any CPU
		{E1CB73BE-A4A6-4CF6-8342-39A76345CBA1}.Release|Any CPU.ActiveCfg = Release|Any CPU
		{E1CB73BE-A4A6-4CF6-8342-39A76345CBA1}.Release|Any CPU.Build.0 = Release|Any CPU
		{E1CB73BE-A4A6-4CF6-8342-39A76345CBA1}.Release|x64.ActiveCfg = Release|Any CPU
		{E1CB73BE-A4A6-4CF6-8342-39A76345CBA1}.Release|x64.Build.0 = Release|Any CPU
		{E1CB73BE-A4A6-4CF6-8342-39A76345CBA1}.Release|x86.ActiveCfg = Release|Any CPU
		{E1CB73BE-A4A6-4CF6-8342-39A76345CBA1}.Release|x86.Build.0 = Release|Any CPU
		{B5EF8D5A-BBCE-4465-B844-2F65E41C804B}.Debug|Any CPU.ActiveCfg = Debug|Any CPU
		{B5EF8D5A-BBCE-4465-B844-2F65E41C804B}.Debug|Any CPU.Build.0 = Debug|Any CPU
		{B5EF8D5A-BBCE-4465-B844-2F65E41C804B}.Debug|x64.ActiveCfg = Debug|Any CPU
		{B5EF8D5A-BBCE-4465-B844-2F65E41C804B}.Debug|x64.Build.0 = Debug|Any CPU
		{B5EF8D5A-BBCE-4465-B844-2F65E41C804B}.Debug|x86.ActiveCfg = Debug|Any CPU
		{B5EF8D5A-BBCE-4465-B844-2F65E41C804B}.Debug|x86.Build.0 = Debug|Any CPU
		{B5EF8D5A-BBCE-4465-B844-2F65E41C804B}.Release|Any CPU.ActiveCfg = Release|Any CPU
		{B5EF8D5A-BBCE-4465-B844-2F65E41C804B}.Release|Any CPU.Build.0 = Release|Any CPU
		{B5EF8D5A-BBCE-4465-B844-2F65E41C804B}.Release|x64.ActiveCfg = Release|Any CPU
		{B5EF8D5A-BBCE-4465-B844-2F65E41C804B}.Release|x64.Build.0 = Release|Any CPU
		{B5EF8D5A-BBCE-4465-B844-2F65E41C804B}.Release|x86.ActiveCfg = Release|Any CPU
		{B5EF8D5A-BBCE-4465-B844-2F65E41C804B}.Release|x86.Build.0 = Release|Any CPU
		{46D98C8B-0CAE-457D-9758-62002C9F98AF}.Debug|Any CPU.ActiveCfg = Debug|Any CPU
		{46D98C8B-0CAE-457D-9758-62002C9F98AF}.Debug|Any CPU.Build.0 = Debug|Any CPU
		{46D98C8B-0CAE-457D-9758-62002C9F98AF}.Debug|x64.ActiveCfg = Debug|Any CPU
		{46D98C8B-0CAE-457D-9758-62002C9F98AF}.Debug|x64.Build.0 = Debug|Any CPU
		{46D98C8B-0CAE-457D-9758-62002C9F98AF}.Debug|x86.ActiveCfg = Debug|Any CPU
		{46D98C8B-0CAE-457D-9758-62002C9F98AF}.Debug|x86.Build.0 = Debug|Any CPU
		{46D98C8B-0CAE-457D-9758-62002C9F98AF}.Release|Any CPU.ActiveCfg = Release|Any CPU
		{46D98C8B-0CAE-457D-9758-62002C9F98AF}.Release|Any CPU.Build.0 = Release|Any CPU
		{46D98C8B-0CAE-457D-9758-62002C9F98AF}.Release|x64.ActiveCfg = Release|Any CPU
		{46D98C8B-0CAE-457D-9758-62002C9F98AF}.Release|x64.Build.0 = Release|Any CPU
		{46D98C8B-0CAE-457D-9758-62002C9F98AF}.Release|x86.ActiveCfg = Release|Any CPU
		{46D98C8B-0CAE-457D-9758-62002C9F98AF}.Release|x86.Build.0 = Release|Any CPU
		{B8F10185-C948-4D5E-9A88-FF7273803425}.Debug|Any CPU.ActiveCfg = Debug|Any CPU
		{B8F10185-C948-4D5E-9A88-FF7273803425}.Debug|Any CPU.Build.0 = Debug|Any CPU
		{B8F10185-C948-4D5E-9A88-FF7273803425}.Debug|x64.ActiveCfg = Debug|Any CPU
		{B8F10185-C948-4D5E-9A88-FF7273803425}.Debug|x64.Build.0 = Debug|Any CPU
		{B8F10185-C948-4D5E-9A88-FF7273803425}.Debug|x86.ActiveCfg = Debug|Any CPU
		{B8F10185-C948-4D5E-9A88-FF7273803425}.Debug|x86.Build.0 = Debug|Any CPU
		{B8F10185-C948-4D5E-9A88-FF7273803425}.Release|Any CPU.ActiveCfg = Release|Any CPU
		{B8F10185-C948-4D5E-9A88-FF7273803425}.Release|Any CPU.Build.0 = Release|Any CPU
		{B8F10185-C948-4D5E-9A88-FF7273803425}.Release|x64.ActiveCfg = Release|Any CPU
		{B8F10185-C948-4D5E-9A88-FF7273803425}.Release|x64.Build.0 = Release|Any CPU
		{B8F10185-C948-4D5E-9A88-FF7273803425}.Release|x86.ActiveCfg = Release|Any CPU
		{B8F10185-C948-4D5E-9A88-FF7273803425}.Release|x86.Build.0 = Release|Any CPU
		{5C9AB8BF-4753-46DE-9712-456CF1A75E50}.Debug|Any CPU.ActiveCfg = Debug|Any CPU
		{5C9AB8BF-4753-46DE-9712-456CF1A75E50}.Debug|Any CPU.Build.0 = Debug|Any CPU
		{5C9AB8BF-4753-46DE-9712-456CF1A75E50}.Debug|x64.ActiveCfg = Debug|Any CPU
		{5C9AB8BF-4753-46DE-9712-456CF1A75E50}.Debug|x64.Build.0 = Debug|Any CPU
		{5C9AB8BF-4753-46DE-9712-456CF1A75E50}.Debug|x86.ActiveCfg = Debug|Any CPU
		{5C9AB8BF-4753-46DE-9712-456CF1A75E50}.Debug|x86.Build.0 = Debug|Any CPU
		{5C9AB8BF-4753-46DE-9712-456CF1A75E50}.Release|Any CPU.ActiveCfg = Release|Any CPU
		{5C9AB8BF-4753-46DE-9712-456CF1A75E50}.Release|Any CPU.Build.0 = Release|Any CPU
		{5C9AB8BF-4753-46DE-9712-456CF1A75E50}.Release|x64.ActiveCfg = Release|Any CPU
		{5C9AB8BF-4753-46DE-9712-456CF1A75E50}.Release|x64.Build.0 = Release|Any CPU
		{5C9AB8BF-4753-46DE-9712-456CF1A75E50}.Release|x86.ActiveCfg = Release|Any CPU
		{5C9AB8BF-4753-46DE-9712-456CF1A75E50}.Release|x86.Build.0 = Release|Any CPU
	EndGlobalSection
	GlobalSection(SolutionProperties) = preSolution
		HideSolutionNode = FALSE
	EndGlobalSection
	GlobalSection(NestedProjects) = preSolution
		{361F492F-C9CE-47A1-A650-4DD1EA1900CE} = {827E0CD3-B72D-47B6-A68D-7590B98EB39B}
		{0B006583-8F0F-49C7-A853-DA81510EB563} = {827E0CD3-B72D-47B6-A68D-7590B98EB39B}
		{E1CB73BE-A4A6-4CF6-8342-39A76345CBA1} = {827E0CD3-B72D-47B6-A68D-7590B98EB39B}
		{B5EF8D5A-BBCE-4465-B844-2F65E41C804B} = {827E0CD3-B72D-47B6-A68D-7590B98EB39B}
		{46D98C8B-0CAE-457D-9758-62002C9F98AF} = {827E0CD3-B72D-47B6-A68D-7590B98EB39B}
		{B8F10185-C948-4D5E-9A88-FF7273803425} = {827E0CD3-B72D-47B6-A68D-7590B98EB39B}
		{5C9AB8BF-4753-46DE-9712-456CF1A75E50} = {827E0CD3-B72D-47B6-A68D-7590B98EB39B}
	EndGlobalSection
EndGlobal
