
Microsoft Visual Studio Solution File, Format Version 12.00
# Visual Studio Version 17
VisualStudioVersion = 17.0.31903.59
MinimumVisualStudioVersion = 10.0.40219.1
Project("{2150E333-8FDC-42A3-9474-1A3956D46DE8}") = "src", "src", "{827E0CD3-B72D-47B6-A68D-7590B98EB39B}"
EndProject
Project("{FAE04EC0-301F-11D3-BF4B-00C04F79EFBC}") = "NonCash.Core", "src\NonCash.Core\NonCash.Core.csproj", "{5EDE41C8-5D18-4C22-B809-CE95EC0BA3C3}"
EndProject
Project("{FAE04EC0-301F-11D3-BF4B-00C04F79EFBC}") = "NonCash.Infrastructure", "src\NonCash.Infrastructure\NonCash.Infrastructure.csproj", "{463F28D7-7436-4CFF-A003-4D1D96BF03D2}"
EndProject
Project("{FAE04EC0-301F-11D3-BF4B-00C04F79EFBC}") = "NonCash.Shared", "src\NonCash.Shared\NonCash.Shared.csproj", "{C3EE03D4-EB99-4D11-B60C-6161C968E35F}"
EndProject
Project("{FAE04EC0-301F-11D3-BF4B-00C04F79EFBC}") = "NonCash.Web", "src\NonCash.Web\NonCash.Web.csproj", "{5A67E122-89C1-430A-9821-E6E6C39AEABE}"
EndProject
Project("{FAE04EC0-301F-11D3-BF4B-00C04F79EFBC}") = "NonCash.API", "src\NonCash.API\NonCash.API.csproj", "{A64214CF-3501-407D-A868-B4DF6BE36C0C}"
EndProject
Project("{2150E333-8FDC-42A3-9474-1A3956D46DE8}") = "tests", "tests", "{0AB3BF05-4346-4AA6-1389-037BE0695223}"
EndProject
Project("{FAE04EC0-301F-11D3-BF4B-00C04F79EFBC}") = "NonCash.UnitTests", "tests\NonCash.UnitTests\NonCash.UnitTests.csproj", "{1E71B232-7E8B-41FD-ACE3-0B482FF2098C}"
EndProject
Project("{FAE04EC0-301F-11D3-BF4B-00C04F79EFBC}") = "NonCash.IntegrationTests", "tests\NonCash.IntegrationTests\NonCash.IntegrationTests.csproj", "{AD84884E-A2C5-4DFD-9444-8274FA11830B}"
EndProject
Project("{FAE04EC0-301F-11D3-BF4B-00C04F79EFBC}") = "NonCash.SeedTool", "src\NonCash.SeedTool\NonCash.SeedTool.csproj", "{71B13BA9-6745-4244-A8C3-DA602687CCA6}"
EndProject
Global
	GlobalSection(SolutionConfigurationPlatforms) = preSolution
		Debug|Any CPU = Debug|Any CPU
		Debug|x64 = Debug|x64
		Debug|x86 = Debug|x86
		Release|Any CPU = Release|Any CPU
		Release|x64 = Release|x64
		Release|x86 = Release|x86
	EndGlobalSection
	GlobalSection(ProjectConfigurationPlatforms) = postSolution
		{5EDE41C8-5D18-4C22-B809-CE95EC0BA3C3}.Debug|Any CPU.ActiveCfg = Debug|Any CPU
		{5EDE41C8-5D18-4C22-B809-CE95EC0BA3C3}.Debug|Any CPU.Build.0 = Debug|Any CPU
		{5EDE41C8-5D18-4C22-B809-CE95EC0BA3C3}.Debug|x64.ActiveCfg = Debug|Any CPU
		{5EDE41C8-5D18-4C22-B809-CE95EC0BA3C3}.Debug|x64.Build.0 = Debug|Any CPU
		{5EDE41C8-5D18-4C22-B809-CE95EC0BA3C3}.Debug|x86.ActiveCfg = Debug|Any CPU
		{5EDE41C8-5D18-4C22-B809-CE95EC0BA3C3}.Debug|x86.Build.0 = Debug|Any CPU
		{5EDE41C8-5D18-4C22-B809-CE95EC0BA3C3}.Release|Any CPU.ActiveCfg = Release|Any CPU
		{5EDE41C8-5D18-4C22-B809-CE95EC0BA3C3}.Release|Any CPU.Build.0 = Release|Any CPU
		{5EDE41C8-5D18-4C22-B809-CE95EC0BA3C3}.Release|x64.ActiveCfg = Release|Any CPU
		{5EDE41C8-5D18-4C22-B809-CE95EC0BA3C3}.Release|x64.Build.0 = Release|Any CPU
		{5EDE41C8-5D18-4C22-B809-CE95EC0BA3C3}.Release|x86.ActiveCfg = Release|Any CPU
		{5EDE41C8-5D18-4C22-B809-CE95EC0BA3C3}.Release|x86.Build.0 = Release|Any CPU
		{463F28D7-7436-4CFF-A003-4D1D96BF03D2}.Debug|Any CPU.ActiveCfg = Debug|Any CPU
		{463F28D7-7436-4CFF-A003-4D1D96BF03D2}.Debug|Any CPU.Build.0 = Debug|Any CPU
		{463F28D7-7436-4CFF-A003-4D1D96BF03D2}.Debug|x64.ActiveCfg = Debug|Any CPU
		{463F28D7-7436-4CFF-A003-4D1D96BF03D2}.Debug|x64.Build.0 = Debug|Any CPU
		{463F28D7-7436-4CFF-A003-4D1D96BF03D2}.Debug|x86.ActiveCfg = Debug|Any CPU
		{463F28D7-7436-4CFF-A003-4D1D96BF03D2}.Debug|x86.Build.0 = Debug|Any CPU
		{463F28D7-7436-4CFF-A003-4D1D96BF03D2}.Release|Any CPU.ActiveCfg = Release|Any CPU
		{463F28D7-7436-4CFF-A003-4D1D96BF03D2}.Release|Any CPU.Build.0 = Release|Any CPU
		{463F28D7-7436-4CFF-A003-4D1D96BF03D2}.Release|x64.ActiveCfg = Release|Any CPU
		{463F28D7-7436-4CFF-A003-4D1D96BF03D2}.Release|x64.Build.0 = Release|Any CPU
		{463F28D7-7436-4CFF-A003-4D1D96BF03D2}.Release|x86.ActiveCfg = Release|Any CPU
		{463F28D7-7436-4CFF-A003-4D1D96BF03D2}.Release|x86.Build.0 = Release|Any CPU
		{C3EE03D4-EB99-4D11-B60C-6161C968E35F}.Debug|Any CPU.ActiveCfg = Debug|Any CPU
		{C3EE03D4-EB99-4D11-B60C-6161C968E35F}.Debug|Any CPU.Build.0 = Debug|Any CPU
		{C3EE03D4-EB99-4D11-B60C-6161C968E35F}.Debug|x64.ActiveCfg = Debug|Any CPU
		{C3EE03D4-EB99-4D11-B60C-6161C968E35F}.Debug|x64.Build.0 = Debug|Any CPU
		{C3EE03D4-EB99-4D11-B60C-6161C968E35F}.Debug|x86.ActiveCfg = Debug|Any CPU
		{C3EE03D4-EB99-4D11-B60C-6161C968E35F}.Debug|x86.Build.0 = Debug|Any CPU
		{C3EE03D4-EB99-4D11-B60C-6161C968E35F}.Release|Any CPU.ActiveCfg = Release|Any CPU
		{C3EE03D4-EB99-4D11-B60C-6161C968E35F}.Release|Any CPU.Build.0 = Release|Any CPU
		{C3EE03D4-EB99-4D11-B60C-6161C968E35F}.Release|x64.ActiveCfg = Release|Any CPU
		{C3EE03D4-EB99-4D11-B60C-6161C968E35F}.Release|x64.Build.0 = Release|Any CPU
		{C3EE03D4-EB99-4D11-B60C-6161C968E35F}.Release|x86.ActiveCfg = Release|Any CPU
		{C3EE03D4-EB99-4D11-B60C-6161C968E35F}.Release|x86.Build.0 = Release|Any CPU
		{5A67E122-89C1-430A-9821-E6E6C39AEABE}.Debug|Any CPU.ActiveCfg = Debug|Any CPU
		{5A67E122-89C1-430A-9821-E6E6C39AEABE}.Debug|Any CPU.Build.0 = Debug|Any CPU
		{5A67E122-89C1-430A-9821-E6E6C39AEABE}.Debug|x64.ActiveCfg = Debug|Any CPU
		{5A67E122-89C1-430A-9821-E6E6C39AEABE}.Debug|x64.Build.0 = Debug|Any CPU
		{5A67E122-89C1-430A-9821-E6E6C39AEABE}.Debug|x86.ActiveCfg = Debug|Any CPU
		{5A67E122-89C1-430A-9821-E6E6C39AEABE}.Debug|x86.Build.0 = Debug|Any CPU
		{5A67E122-89C1-430A-9821-E6E6C39AEABE}.Release|Any CPU.ActiveCfg = Release|Any CPU
		{5A67E122-89C1-430A-9821-E6E6C39AEABE}.Release|Any CPU.Build.0 = Release|Any CPU
		{5A67E122-89C1-430A-9821-E6E6C39AEABE}.Release|x64.ActiveCfg = Release|Any CPU
		{5A67E122-89C1-430A-9821-E6E6C39AEABE}.Release|x64.Build.0 = Release|Any CPU
		{5A67E122-89C1-430A-9821-E6E6C39AEABE}.Release|x86.ActiveCfg = Release|Any CPU
		{5A67E122-89C1-430A-9821-E6E6C39AEABE}.Release|x86.Build.0 = Release|Any CPU
		{A64214CF-3501-407D-A868-B4DF6BE36C0C}.Debug|Any CPU.ActiveCfg = Debug|Any CPU
		{A64214CF-3501-407D-A868-B4DF6BE36C0C}.Debug|Any CPU.Build.0 = Debug|Any CPU
		{A64214CF-3501-407D-A868-B4DF6BE36C0C}.Debug|x64.ActiveCfg = Debug|Any CPU
		{A64214CF-3501-407D-A868-B4DF6BE36C0C}.Debug|x64.Build.0 = Debug|Any CPU
		{A64214CF-3501-407D-A868-B4DF6BE36C0C}.Debug|x86.ActiveCfg = Debug|Any CPU
		{A64214CF-3501-407D-A868-B4DF6BE36C0C}.Debug|x86.Build.0 = Debug|Any CPU
		{A64214CF-3501-407D-A868-B4DF6BE36C0C}.Release|Any CPU.ActiveCfg = Release|Any CPU
		{A64214CF-3501-407D-A868-B4DF6BE36C0C}.Release|Any CPU.Build.0 = Release|Any CPU
		{A64214CF-3501-407D-A868-B4DF6BE36C0C}.Release|x64.ActiveCfg = Release|Any CPU
		{A64214CF-3501-407D-A868-B4DF6BE36C0C}.Release|x64.Build.0 = Release|Any CPU
		{A64214CF-3501-407D-A868-B4DF6BE36C0C}.Release|x86.ActiveCfg = Release|Any CPU
		{A64214CF-3501-407D-A868-B4DF6BE36C0C}.Release|x86.Build.0 = Release|Any CPU
		{1E71B232-7E8B-41FD-ACE3-0B482FF2098C}.Debug|Any CPU.ActiveCfg = Debug|Any CPU
		{1E71B232-7E8B-41FD-ACE3-0B482FF2098C}.Debug|Any CPU.Build.0 = Debug|Any CPU
		{1E71B232-7E8B-41FD-ACE3-0B482FF2098C}.Debug|x64.ActiveCfg = Debug|Any CPU
		{1E71B232-7E8B-41FD-ACE3-0B482FF2098C}.Debug|x64.Build.0 = Debug|Any CPU
		{1E71B232-7E8B-41FD-ACE3-0B482FF2098C}.Debug|x86.ActiveCfg = Debug|Any CPU
		{1E71B232-7E8B-41FD-ACE3-0B482FF2098C}.Debug|x86.Build.0 = Debug|Any CPU
		{1E71B232-7E8B-41FD-ACE3-0B482FF2098C}.Release|Any CPU.ActiveCfg = Release|Any CPU
		{1E71B232-7E8B-41FD-ACE3-0B482FF2098C}.Release|Any CPU.Build.0 = Release|Any CPU
		{1E71B232-7E8B-41FD-ACE3-0B482FF2098C}.Release|x64.ActiveCfg = Release|Any CPU
		{1E71B232-7E8B-41FD-ACE3-0B482FF2098C}.Release|x64.Build.0 = Release|Any CPU
		{1E71B232-7E8B-41FD-ACE3-0B482FF2098C}.Release|x86.ActiveCfg = Release|Any CPU
		{1E71B232-7E8B-41FD-ACE3-0B482FF2098C}.Release|x86.Build.0 = Release|Any CPU
		{AD84884E-A2C5-4DFD-9444-8274FA11830B}.Debug|Any CPU.ActiveCfg = Debug|Any CPU
		{AD84884E-A2C5-4DFD-9444-8274FA11830B}.Debug|Any CPU.Build.0 = Debug|Any CPU
		{AD84884E-A2C5-4DFD-9444-8274FA11830B}.Debug|x64.ActiveCfg = Debug|Any CPU
		{AD84884E-A2C5-4DFD-9444-8274FA11830B}.Debug|x64.Build.0 = Debug|Any CPU
		{AD84884E-A2C5-4DFD-9444-8274FA11830B}.Debug|x86.ActiveCfg = Debug|Any CPU
		{AD84884E-A2C5-4DFD-9444-8274FA11830B}.Debug|x86.Build.0 = Debug|Any CPU
		{AD84884E-A2C5-4DFD-9444-8274FA11830B}.Release|Any CPU.ActiveCfg = Release|Any CPU
		{AD84884E-A2C5-4DFD-9444-8274FA11830B}.Release|Any CPU.Build.0 = Release|Any CPU
		{AD84884E-A2C5-4DFD-9444-8274FA11830B}.Release|x64.ActiveCfg = Release|Any CPU
		{AD84884E-A2C5-4DFD-9444-8274FA11830B}.Release|x64.Build.0 = Release|Any CPU
		{AD84884E-A2C5-4DFD-9444-8274FA11830B}.Release|x86.ActiveCfg = Release|Any CPU
		{AD84884E-A2C5-4DFD-9444-8274FA11830B}.Release|x86.Build.0 = Release|Any CPU
		{71B13BA9-6745-4244-A8C3-DA602687CCA6}.Debug|Any CPU.ActiveCfg = Debug|Any CPU
		{71B13BA9-6745-4244-A8C3-DA602687CCA6}.Debug|Any CPU.Build.0 = Debug|Any CPU
		{71B13BA9-6745-4244-A8C3-DA602687CCA6}.Debug|x64.ActiveCfg = Debug|Any CPU
		{71B13BA9-6745-4244-A8C3-DA602687CCA6}.Debug|x64.Build.0 = Debug|Any CPU
		{71B13BA9-6745-4244-A8C3-DA602687CCA6}.Debug|x86.ActiveCfg = Debug|Any CPU
		{71B13BA9-6745-4244-A8C3-DA602687CCA6}.Debug|x86.Build.0 = Debug|Any CPU
		{71B13BA9-6745-4244-A8C3-DA602687CCA6}.Release|Any CPU.ActiveCfg = Release|Any CPU
		{71B13BA9-6745-4244-A8C3-DA602687CCA6}.Release|Any CPU.Build.0 = Release|Any CPU
		{71B13BA9-6745-4244-A8C3-DA602687CCA6}.Release|x64.ActiveCfg = Release|Any CPU
		{71B13BA9-6745-4244-A8C3-DA602687CCA6}.Release|x64.Build.0 = Release|Any CPU
		{71B13BA9-6745-4244-A8C3-DA602687CCA6}.Release|x86.ActiveCfg = Release|Any CPU
		{71B13BA9-6745-4244-A8C3-DA602687CCA6}.Release|x86.Build.0 = Release|Any CPU
	EndGlobalSection
	GlobalSection(SolutionProperties) = preSolution
		HideSolutionNode = FALSE
	EndGlobalSection
	GlobalSection(NestedProjects) = preSolution
		{5EDE41C8-5D18-4C22-B809-CE95EC0BA3C3} = {827E0CD3-B72D-47B6-A68D-7590B98EB39B}
		{463F28D7-7436-4CFF-A003-4D1D96BF03D2} = {827E0CD3-B72D-47B6-A68D-7590B98EB39B}
		{C3EE03D4-EB99-4D11-B60C-6161C968E35F} = {827E0CD3-B72D-47B6-A68D-7590B98EB39B}
		{5A67E122-89C1-430A-9821-E6E6C39AEABE} = {827E0CD3-B72D-47B6-A68D-7590B98EB39B}
		{A64214CF-3501-407D-A868-B4DF6BE36C0C} = {827E0CD3-B72D-47B6-A68D-7590B98EB39B}
		{1E71B232-7E8B-41FD-ACE3-0B482FF2098C} = {0AB3BF05-4346-4AA6-1389-037BE0695223}
		{AD84884E-A2C5-4DFD-9444-8274FA11830B} = {0AB3BF05-4346-4AA6-1389-037BE0695223}
		{71B13BA9-6745-4244-A8C3-DA602687CCA6} = {827E0CD3-B72D-47B6-A68D-7590B98EB39B}
	EndGlobalSection
EndGlobal
